
Microsoft Visual Studio Solution File, Format Version 12.00
# Visual Studio 15
VisualStudioVersion = 15.0.27703.2018
MinimumVisualStudioVersion = 10.0.40219.1
Project("{FAE04EC0-301F-11D3-BF4B-00C04F79EFBC}") = "Trezeo_Assignment", "Trezeo_Assignment\Trezeo_Assignment.csproj", "{C3234D97-2545-4A7C-B605-4459AF6DB2CE}"
EndProject
Project("{FAE04EC0-301F-11D3-BF4B-00C04F79EFBC}") = "CommonAncestor", "CommonAncestor\CommonAncestor.csproj", "{A65BAC96-CBE5-40CB-AE13-B95AA26C62AA}"
EndProject
Global
	GlobalSection(SolutionConfigurationPlatforms) = preSolution
		Debug|Any CPU = Debug|Any CPU
		Release|Any CPU = Release|Any CPU
	EndGlobalSection
	GlobalSection(ProjectConfigurationPlatforms) = postSolution
		{C3234D97-2545-4A7C-B605-4459AF6DB2CE}.Debug|Any CPU.ActiveCfg = Debug|Any CPU
		{C3234D97-2545-4A7C-B605-4459AF6DB2CE}.Debug|Any CPU.Build.0 = Debug|Any CPU
		{C3234D97-2545-4A7C-B605-4459AF6DB2CE}.Release|Any CPU.ActiveCfg = Release|Any CPU
		{C3234D97-2545-4A7C-B605-4459AF6DB2CE}.Release|Any CPU.Build.0 = Release|Any CPU
		{A65BAC96-CBE5-40CB-AE13-B95AA26C62AA}.Debug|Any CPU.ActiveCfg = Debug|Any CPU
		{A65BAC96-CBE5-40CB-AE13-B95AA26C62AA}.Debug|Any CPU.Build.0 = Debug|Any CPU
		{A65BAC96-CBE5-40CB-AE13-B95AA26C62AA}.Release|Any CPU.ActiveCfg = Release|Any CPU
		{A65BAC96-CBE5-40CB-AE13-B95AA26C62AA}.Release|Any CPU.Build.0 = Release|Any CPU
	EndGlobalSection
	GlobalSection(SolutionProperties) = preSolution
		HideSolutionNode = FALSE
	EndGlobalSection
	GlobalSection(ExtensibilityGlobals) = postSolution
		SolutionGuid = {6D2D363C-714A-4C41-A484-3004F6343310}
	EndGlobalSection
EndGlobal
